
Microsoft Visual Studio Solution File, Format Version 12.00
# Visual Studio Version 16
VisualStudioVersion = 16.0.28729.10
MinimumVisualStudioVersion = 10.0.40219.1
Project("{F184B08F-C81C-45F6-A57F-5ABD9991F28F}") = "Projet IHM Taquin cylindrique", "Projet IHM Taquin cylindrique\Projet IHM Taquin cylindrique.vbproj", "{1054E54C-EA48-46D7-96C0-913B8D7B369D}"
EndProject
Global
	GlobalSection(SolutionConfigurationPlatforms) = preSolution
		Debug|Any CPU = Debug|Any CPU
		Release|Any CPU = Release|Any CPU
	EndGlobalSection
	GlobalSection(ProjectConfigurationPlatforms) = postSolution
		{1054E54C-EA48-46D7-96C0-913B8D7B369D}.Debug|Any CPU.ActiveCfg = Debug|Any CPU
		{1054E54C-EA48-46D7-96C0-913B8D7B369D}.Debug|Any CPU.Build.0 = Debug|Any CPU
		{1054E54C-EA48-46D7-96C0-913B8D7B369D}.Release|Any CPU.ActiveCfg = Release|Any CPU
		{1054E54C-EA48-46D7-96C0-913B8D7B369D}.Release|Any CPU.Build.0 = Release|Any CPU
	EndGlobalSection
	GlobalSection(SolutionProperties) = preSolution
		HideSolutionNode = FALSE
	EndGlobalSection
	GlobalSection(ExtensibilityGlobals) = postSolution
		SolutionGuid = {4C65FFFF-05A3-4AE6-A49C-5E396DA9A0C4}
	EndGlobalSection
EndGlobal
